Microsoft Visual Studio Solution File, Format Version 12.00
# Visual Studio Version 17
VisualStudioVersion = 17.8.34408.163
MinimumVisualStudioVersion = 16.0.0.0
Project("{9A19103F-16F7-4668-BE54-9A1E7A4F7556}") = "R3.Stride.Sandbox.Windows", "sandbox\R3.Stride.Sandbox.Windows\R3.Stride.Sandbox.Windows.csproj", "{63F4B3A9-B631-4870-A0AD-D88D03B9C7DB}"
EndProject
Project("{9A19103F-16F7-4668-BE54-9A1E7A4F7556}") = "R3.Stride", "R3.Stride\R3.Stride.csproj", "{EB6673DC-E39B-4D21-A436-B91211976500}"
EndProject
Project("{9A19103F-16F7-4668-BE54-9A1E7A4F7556}") = "R3.Stride.Sandbox", "sandbox\R3.Stride.Sandbox\R3.Stride.Sandbox.csproj", "{E922FA94-7A1D-45BE-9613-2AFA15227806}"
EndProject
Global
	GlobalSection(SolutionConfigurationPlatforms) = preSolution
		Debug|Any CPU = Debug|Any CPU
		Debug|x64 = Debug|x64
		Debug|x86 = Debug|x86
		Release|Any CPU = Release|Any CPU
		Release|x64 = Release|x64
		Release|x86 = Release|x86
	EndGlobalSection
	GlobalSection(ProjectConfigurationPlatforms) = postSolution
		{63F4B3A9-B631-4870-A0AD-D88D03B9C7DB}.Debug|Any CPU.ActiveCfg = Debug|Any CPU
		{63F4B3A9-B631-4870-A0AD-D88D03B9C7DB}.Debug|Any CPU.Build.0 = Debug|Any CPU
		{63F4B3A9-B631-4870-A0AD-D88D03B9C7DB}.Debug|x64.ActiveCfg = Debug|Any CPU
		{63F4B3A9-B631-4870-A0AD-D88D03B9C7DB}.Debug|x64.Build.0 = Debug|Any CPU
		{63F4B3A9-B631-4870-A0AD-D88D03B9C7DB}.Debug|x86.ActiveCfg = Debug|Any CPU
		{63F4B3A9-B631-4870-A0AD-D88D03B9C7DB}.Debug|x86.Build.0 = Debug|Any CPU
		{63F4B3A9-B631-4870-A0AD-D88D03B9C7DB}.Release|Any CPU.ActiveCfg = Release|Any CPU
		{63F4B3A9-B631-4870-A0AD-D88D03B9C7DB}.Release|Any CPU.Build.0 = Release|Any CPU
		{63F4B3A9-B631-4870-A0AD-D88D03B9C7DB}.Release|x64.ActiveCfg = Release|Any CPU
		{63F4B3A9-B631-4870-A0AD-D88D03B9C7DB}.Release|x64.Build.0 = Release|Any CPU
		{63F4B3A9-B631-4870-A0AD-D88D03B9C7DB}.Release|x86.ActiveCfg = Release|Any CPU
		{63F4B3A9-B631-4870-A0AD-D88D03B9C7DB}.Release|x86.Build.0 = Release|Any CPU
		{EB6673DC-E39B-4D21-A436-B91211976500}.Debug|Any CPU.ActiveCfg = Debug|Any CPU
		{EB6673DC-E39B-4D21-A436-B91211976500}.Debug|Any CPU.Build.0 = Debug|Any CPU
		{EB6673DC-E39B-4D21-A436-B91211976500}.Debug|x64.ActiveCfg = Debug|Any CPU
		{EB6673DC-E39B-4D21-A436-B91211976500}.Debug|x64.Build.0 = Debug|Any CPU
		{EB6673DC-E39B-4D21-A436-B91211976500}.Debug|x86.ActiveCfg = Debug|Any CPU
		{EB6673DC-E39B-4D21-A436-B91211976500}.Debug|x86.Build.0 = Debug|Any CPU
		{EB6673DC-E39B-4D21-A436-B91211976500}.Release|Any CPU.ActiveCfg = Release|Any CPU
		{EB6673DC-E39B-4D21-A436-B91211976500}.Release|Any CPU.Build.0 = Release|Any CPU
		{EB6673DC-E39B-4D21-A436-B91211976500}.Release|x64.ActiveCfg = Release|Any CPU
		{EB6673DC-E39B-4D21-A436-B91211976500}.Release|x64.Build.0 = Release|Any CPU
		{EB6673DC-E39B-4D21-A436-B91211976500}.Release|x86.ActiveCfg = Release|Any CPU
		{EB6673DC-E39B-4D21-A436-B91211976500}.Release|x86.Build.0 = Release|Any CPU
		{E922FA94-7A1D-45BE-9613-2AFA15227806}.Debug|Any CPU.ActiveCfg = Debug|Any CPU
		{E922FA94-7A1D-45BE-9613-2AFA15227806}.Debug|Any CPU.Build.0 = Debug|Any CPU
		{E922FA94-7A1D-45BE-9613-2AFA15227806}.Debug|x64.ActiveCfg = Debug|Any CPU
		{E922FA94-7A1D-45BE-9613-2AFA15227806}.Debug|x64.Build.0 = Debug|Any CPU
		{E922FA94-7A1D-45BE-9613-2AFA15227806}.Debug|x86.ActiveCfg = Debug|Any CPU
		{E922FA94-7A1D-45BE-9613-2AFA15227806}.Debug|x86.Build.0 = Debug|Any CPU
		{E922FA94-7A1D-45BE-9613-2AFA15227806}.Release|Any CPU.ActiveCfg = Release|Any CPU
		{E922FA94-7A1D-45BE-9613-2AFA15227806}.Release|Any CPU.Build.0 = Release|Any CPU
		{E922FA94-7A1D-45BE-9613-2AFA15227806}.Release|x64.ActiveCfg = Release|Any CPU
		{E922FA94-7A1D-45BE-9613-2AFA15227806}.Release|x64.Build.0 = Release|Any CPU
		{E922FA94-7A1D-45BE-9613-2AFA15227806}.Release|x86.ActiveCfg = Release|Any CPU
		{E922FA94-7A1D-45BE-9613-2AFA15227806}.Release|x86.Build.0 = Release|Any CPU
	EndGlobalSection
	GlobalSection(SolutionProperties) = preSolution
		HideSolutionNode = FALSE
	EndGlobalSection
	GlobalSection(ExtensibilityGlobals) = postSolution
		SolutionGuid = {06D40176-8276-4B62-8DBE-F25BE59918DC}
	EndGlobalSection
EndGlobal
